
Microsoft Visual Studio Solution File, Format Version 12.00
# Visual Studio Version 16
VisualStudioVersion = 16.0.30309.148
MinimumVisualStudioVersion = 10.0.40219.1
Project("{FAE04EC0-301F-11D3-BF4B-00C04F79EFBC}") = "LibManagement", "LibManagement.csproj", "{2FEF7365-6CB4-4301-B1E3-AD14DF42397C}"
EndProject
Global
	GlobalSection(SolutionConfigurationPlatforms) = preSolution
		Debug|Any CPU = Debug|Any CPU
		Release|Any CPU = Release|Any CPU
	EndGlobalSection
	GlobalSection(ProjectConfigurationPlatforms) = postSolution
		{2FEF7365-6CB4-4301-B1E3-AD14DF42397C}.Debug|Any CPU.ActiveCfg = Debug|Any CPU
		{2FEF7365-6CB4-4301-B1E3-AD14DF42397C}.Debug|Any CPU.Build.0 = Debug|Any CPU
		{2FEF7365-6CB4-4301-B1E3-AD14DF42397C}.Release|Any CPU.ActiveCfg = Release|Any CPU
		{2FEF7365-6CB4-4301-B1E3-AD14DF42397C}.Release|Any CPU.Build.0 = Release|Any CPU
	EndGlobalSection
	GlobalSection(SolutionProperties) = preSolution
		HideSolutionNode = FALSE
	EndGlobalSection
	GlobalSection(ExtensibilityGlobals) = postSolution
		SolutionGuid = {4ED0D31F-608B-40C7-ADA8-DB6A86D77D34}
	EndGlobalSection
EndGlobal
